
Microsoft Visual Studio Solution File, Format Version 12.00
# Visual Studio Version 16
VisualStudioVersion = 16.0.30114.105
MinimumVisualStudioVersion = 15.0.26124.0
Project("{9A19103F-16F7-4668-BE54-9A1E7A4F7556}") = "Domain", "Domain\Domain.csproj", "{53C11C2F-BAAB-4F92-B02C-68171480500B}"
EndProject
Project("{9A19103F-16F7-4668-BE54-9A1E7A4F7556}") = "Application", "Application\Application.csproj", "{C525A4F6-E499-4395-90BB-8B3A78A92D68}"
EndProject
Project("{9A19103F-16F7-4668-BE54-9A1E7A4F7556}") = "API", "API\API.csproj", "{1046D875-BF1E-4470-8603-DD77ACEB3486}"
EndProject
Project("{9A19103F-16F7-4668-BE54-9A1E7A4F7556}") = "Data", "Data\Data.csproj", "{EC14901C-24FE-4CA0-8C7F-A1C785A6EE10}"
EndProject
Project("{2150E333-8FDC-42A3-9474-1A3956D46DE8}") = "01-API", "01-API", "{13955537-5D83-44DB-85C4-34D386797E09}"
EndProject
Project("{2150E333-8FDC-42A3-9474-1A3956D46DE8}") = "02-Application", "02-Application", "{3FCAD8BF-ABFA-46B8-9F70-45B0CAA09539}"
EndProject
Project("{2150E333-8FDC-42A3-9474-1A3956D46DE8}") = "03-Domain", "03-Domain", "{38B00D11-88F7-40C2-8AB7-48A1FC264215}"
EndProject
Project("{2150E333-8FDC-42A3-9474-1A3956D46DE8}") = "04-Infra", "04-Infra", "{56A5D784-9654-4D7C-8FA9-4B54BBB2C9AB}"
EndProject
Global
	GlobalSection(SolutionConfigurationPlatforms) = preSolution
		Debug|Any CPU = Debug|Any CPU
		Debug|x64 = Debug|x64
		Debug|x86 = Debug|x86
		Release|Any CPU = Release|Any CPU
		Release|x64 = Release|x64
		Release|x86 = Release|x86
	EndGlobalSection
	GlobalSection(ProjectConfigurationPlatforms) = postSolution
		{53C11C2F-BAAB-4F92-B02C-68171480500B}.Debug|Any CPU.ActiveCfg = Debug|Any CPU
		{53C11C2F-BAAB-4F92-B02C-68171480500B}.Debug|Any CPU.Build.0 = Debug|Any CPU
		{53C11C2F-BAAB-4F92-B02C-68171480500B}.Debug|x64.ActiveCfg = Debug|Any CPU
		{53C11C2F-BAAB-4F92-B02C-68171480500B}.Debug|x64.Build.0 = Debug|Any CPU
		{53C11C2F-BAAB-4F92-B02C-68171480500B}.Debug|x86.ActiveCfg = Debug|Any CPU
		{53C11C2F-BAAB-4F92-B02C-68171480500B}.Debug|x86.Build.0 = Debug|Any CPU
		{53C11C2F-BAAB-4F92-B02C-68171480500B}.Release|Any CPU.ActiveCfg = Release|Any CPU
		{53C11C2F-BAAB-4F92-B02C-68171480500B}.Release|Any CPU.Build.0 = Release|Any CPU
		{53C11C2F-BAAB-4F92-B02C-68171480500B}.Release|x64.ActiveCfg = Release|Any CPU
		{53C11C2F-BAAB-4F92-B02C-68171480500B}.Release|x64.Build.0 = Release|Any CPU
		{53C11C2F-BAAB-4F92-B02C-68171480500B}.Release|x86.ActiveCfg = Release|Any CPU
		{53C11C2F-BAAB-4F92-B02C-68171480500B}.Release|x86.Build.0 = Release|Any CPU
		{C525A4F6-E499-4395-90BB-8B3A78A92D68}.Debug|Any CPU.ActiveCfg = Debug|Any CPU
		{C525A4F6-E499-4395-90BB-8B3A78A92D68}.Debug|Any CPU.Build.0 = Debug|Any CPU
		{C525A4F6-E499-4395-90BB-8B3A78A92D68}.Debug|x64.ActiveCfg = Debug|Any CPU
		{C525A4F6-E499-4395-90BB-8B3A78A92D68}.Debug|x64.Build.0 = Debug|Any CPU
		{C525A4F6-E499-4395-90BB-8B3A78A92D68}.Debug|x86.ActiveCfg = Debug|Any CPU
		{C525A4F6-E499-4395-90BB-8B3A78A92D68}.Debug|x86.Build.0 = Debug|Any CPU
		{C525A4F6-E499-4395-90BB-8B3A78A92D68}.Release|Any CPU.ActiveCfg = Release|Any CPU
		{C525A4F6-E499-4395-90BB-8B3A78A92D68}.Release|Any CPU.Build.0 = Release|Any CPU
		{C525A4F6-E499-4395-90BB-8B3A78A92D68}.Release|x64.ActiveCfg = Release|Any CPU
		{C525A4F6-E499-4395-90BB-8B3A78A92D68}.Release|x64.Build.0 = Release|Any CPU
		{C525A4F6-E499-4395-90BB-8B3A78A92D68}.Release|x86.ActiveCfg = Release|Any CPU
		{C525A4F6-E499-4395-90BB-8B3A78A92D68}.Release|x86.Build.0 = Release|Any CPU
		{1046D875-BF1E-4470-8603-DD77ACEB3486}.Debug|Any CPU.ActiveCfg = Debug|Any CPU
		{1046D875-BF1E-4470-8603-DD77ACEB3486}.Debug|Any CPU.Build.0 = Debug|Any CPU
		{1046D875-BF1E-4470-8603-DD77ACEB3486}.Debug|x64.ActiveCfg = Debug|Any CPU
		{1046D875-BF1E-4470-8603-DD77ACEB3486}.Debug|x64.Build.0 = Debug|Any CPU
		{1046D875-BF1E-4470-8603-DD77ACEB3486}.Debug|x86.ActiveCfg = Debug|Any CPU
		{1046D875-BF1E-4470-8603-DD77ACEB3486}.Debug|x86.Build.0 = Debug|Any CPU
		{1046D875-BF1E-4470-8603-DD77ACEB3486}.Release|Any CPU.ActiveCfg = Release|Any CPU
		{1046D875-BF1E-4470-8603-DD77ACEB3486}.Release|Any CPU.Build.0 = Release|Any CPU
		{1046D875-BF1E-4470-8603-DD77ACEB3486}.Release|x64.ActiveCfg = Release|Any CPU
		{1046D875-BF1E-4470-8603-DD77ACEB3486}.Release|x64.Build.0 = Release|Any CPU
		{1046D875-BF1E-4470-8603-DD77ACEB3486}.Release|x86.ActiveCfg = Release|Any CPU
		{1046D875-BF1E-4470-8603-DD77ACEB3486}.Release|x86.Build.0 = Release|Any CPU
		{EC14901C-24FE-4CA0-8C7F-A1C785A6EE10}.Debug|Any CPU.ActiveCfg = Debug|Any CPU
		{EC14901C-24FE-4CA0-8C7F-A1C785A6EE10}.Debug|Any CPU.Build.0 = Debug|Any CPU
		{EC14901C-24FE-4CA0-8C7F-A1C785A6EE10}.Debug|x64.ActiveCfg = Debug|Any CPU
		{EC14901C-24FE-4CA0-8C7F-A1C785A6EE10}.Debug|x64.Build.0 = Debug|Any CPU
		{EC14901C-24FE-4CA0-8C7F-A1C785A6EE10}.Debug|x86.ActiveCfg = Debug|Any CPU
		{EC14901C-24FE-4CA0-8C7F-A1C785A6EE10}.Debug|x86.Build.0 = Debug|Any CPU
		{EC14901C-24FE-4CA0-8C7F-A1C785A6EE10}.Release|Any CPU.ActiveCfg = Release|Any CPU
		{EC14901C-24FE-4CA0-8C7F-A1C785A6EE10}.Release|Any CPU.Build.0 = Release|Any CPU
		{EC14901C-24FE-4CA0-8C7F-A1C785A6EE10}.Release|x64.ActiveCfg = Release|Any CPU
		{EC14901C-24FE-4CA0-8C7F-A1C785A6EE10}.Release|x64.Build.0 = Release|Any CPU
		{EC14901C-24FE-4CA0-8C7F-A1C785A6EE10}.Release|x86.ActiveCfg = Release|Any CPU
		{EC14901C-24FE-4CA0-8C7F-A1C785A6EE10}.Release|x86.Build.0 = Release|Any CPU
	EndGlobalSection
	GlobalSection(SolutionProperties) = preSolution
		HideSolutionNode = FALSE
	EndGlobalSection
	GlobalSection(NestedProjects) = preSolution
		{53C11C2F-BAAB-4F92-B02C-68171480500B} = {38B00D11-88F7-40C2-8AB7-48A1FC264215}
		{C525A4F6-E499-4395-90BB-8B3A78A92D68} = {3FCAD8BF-ABFA-46B8-9F70-45B0CAA09539}
		{1046D875-BF1E-4470-8603-DD77ACEB3486} = {13955537-5D83-44DB-85C4-34D386797E09}
		{EC14901C-24FE-4CA0-8C7F-A1C785A6EE10} = {56A5D784-9654-4D7C-8FA9-4B54BBB2C9AB}
	EndGlobalSection
	GlobalSection(ExtensibilityGlobals) = postSolution
		SolutionGuid = {8585BB6A-D185-4CCB-A5B0-FFB164099578}
	EndGlobalSection
EndGlobal
